
Microsoft Visual Studio Solution File, Format Version 12.00
# Visual Studio Version 17
VisualStudioVersion = 17.6.33712.159
MinimumVisualStudioVersion = 10.0.40219.1
Project("{8BC9CEB8-8B4A-11D0-8D11-00A0C91BC942}") = "numeros_old", "numeros_old.vcxproj", "{83A19D49-38DF-42C7-BA85-B428C8B88AD9}"
EndProject
Global
	GlobalSection(SolutionConfigurationPlatforms) = preSolution
		Debug|x64 = Debug|x64
		Debug|x86 = Debug|x86
		Release|x64 = Release|x64
		Release|x86 = Release|x86
	EndGlobalSection
	GlobalSection(ProjectConfigurationPlatforms) = postSolution
		{83A19D49-38DF-42C7-BA85-B428C8B88AD9}.Debug|x64.ActiveCfg = Debug|x64
		{83A19D49-38DF-42C7-BA85-B428C8B88AD9}.Debug|x64.Build.0 = Debug|x64
		{83A19D49-38DF-42C7-BA85-B428C8B88AD9}.Debug|x86.ActiveCfg = Debug|Win32
		{83A19D49-38DF-42C7-BA85-B428C8B88AD9}.Debug|x86.Build.0 = Debug|Win32
		{83A19D49-38DF-42C7-BA85-B428C8B88AD9}.Release|x64.ActiveCfg = Release|x64
		{83A19D49-38DF-42C7-BA85-B428C8B88AD9}.Release|x64.Build.0 = Release|x64
		{83A19D49-38DF-42C7-BA85-B428C8B88AD9}.Release|x86.ActiveCfg = Release|Win32
		{83A19D49-38DF-42C7-BA85-B428C8B88AD9}.Release|x86.Build.0 = Release|Win32
	EndGlobalSection
	GlobalSection(SolutionProperties) = preSolution
		HideSolutionNode = FALSE
	EndGlobalSection
	GlobalSection(ExtensibilityGlobals) = postSolution
		SolutionGuid = {D31E2F62-FCF7-4FFF-8F39-0A463184F9BE}
	EndGlobalSection
EndGlobal
